
Microsoft Visual Studio Solution File, Format Version 12.00
# Visual Studio Version 17
VisualStudioVersion = 17.0.32014.148
MinimumVisualStudioVersion = 10.0.40219.1
Project("{8BC9CEB8-8B4A-11D0-8D11-00A0C91BC942}") = "JZ7 重建二叉树", "JZ7 重建二叉树\JZ7 重建二叉树.vcxproj", "{00413EDB-AB53-4DE4-9B46-C0112FEB792F}"
EndProject
Global
	GlobalSection(SolutionConfigurationPlatforms) = preSolution
		Debug|x64 = Debug|x64
		Debug|x86 = Debug|x86
		Release|x64 = Release|x64
		Release|x86 = Release|x86
	EndGlobalSection
	GlobalSection(ProjectConfigurationPlatforms) = postSolution
		{00413EDB-AB53-4DE4-9B46-C0112FEB792F}.Debug|x64.ActiveCfg = Debug|x64
		{00413EDB-AB53-4DE4-9B46-C0112FEB792F}.Debug|x64.Build.0 = Debug|x64
		{00413EDB-AB53-4DE4-9B46-C0112FEB792F}.Debug|x86.ActiveCfg = Debug|Win32
		{00413EDB-AB53-4DE4-9B46-C0112FEB792F}.Debug|x86.Build.0 = Debug|Win32
		{00413EDB-AB53-4DE4-9B46-C0112FEB792F}.Release|x64.ActiveCfg = Release|x64
		{00413EDB-AB53-4DE4-9B46-C0112FEB792F}.Release|x64.Build.0 = Release|x64
		{00413EDB-AB53-4DE4-9B46-C0112FEB792F}.Release|x86.ActiveCfg = Release|Win32
		{00413EDB-AB53-4DE4-9B46-C0112FEB792F}.Release|x86.Build.0 = Release|Win32
	EndGlobalSection
	GlobalSection(SolutionProperties) = preSolution
		HideSolutionNode = FALSE
	EndGlobalSection
	GlobalSection(ExtensibilityGlobals) = postSolution
		SolutionGuid = {2C83D548-CB0E-4BFE-AF25-36CE781587B9}
	EndGlobalSection
EndGlobal
