
Microsoft Visual Studio Solution File, Format Version 12.00
# Visual Studio Version 17
VisualStudioVersion = 17.0.32014.148
MinimumVisualStudioVersion = 10.0.40219.1
Project("{8BC9CEB8-8B4A-11D0-8D11-00A0C91BC942}") = "JZ12 矩阵中的路径", "JZ12 矩阵中的路径\JZ12 矩阵中的路径.vcxproj", "{434C8923-18CD-442D-9578-1E1332D0C531}"
EndProject
Global
	GlobalSection(SolutionConfigurationPlatforms) = preSolution
		Debug|x64 = Debug|x64
		Debug|x86 = Debug|x86
		Release|x64 = Release|x64
		Release|x86 = Release|x86
	EndGlobalSection
	GlobalSection(ProjectConfigurationPlatforms) = postSolution
		{434C8923-18CD-442D-9578-1E1332D0C531}.Debug|x64.ActiveCfg = Debug|x64
		{434C8923-18CD-442D-9578-1E1332D0C531}.Debug|x64.Build.0 = Debug|x64
		{434C8923-18CD-442D-9578-1E1332D0C531}.Debug|x86.ActiveCfg = Debug|Win32
		{434C8923-18CD-442D-9578-1E1332D0C531}.Debug|x86.Build.0 = Debug|Win32
		{434C8923-18CD-442D-9578-1E1332D0C531}.Release|x64.ActiveCfg = Release|x64
		{434C8923-18CD-442D-9578-1E1332D0C531}.Release|x64.Build.0 = Release|x64
		{434C8923-18CD-442D-9578-1E1332D0C531}.Release|x86.ActiveCfg = Release|Win32
		{434C8923-18CD-442D-9578-1E1332D0C531}.Release|x86.Build.0 = Release|Win32
	EndGlobalSection
	GlobalSection(SolutionProperties) = preSolution
		HideSolutionNode = FALSE
	EndGlobalSection
	GlobalSection(ExtensibilityGlobals) = postSolution
		SolutionGuid = {40ADBD21-9200-4326-8E9E-D99486646C75}
	EndGlobalSection
EndGlobal
