
Microsoft Visual Studio Solution File, Format Version 12.00
# Visual Studio Version 17
VisualStudioVersion = 17.0.31521.260
MinimumVisualStudioVersion = 10.0.40219.1
Project("{8BC9CEB8-8B4A-11D0-8D11-00A0C91BC942}") = "201909-1 小明种苹果", "201909-1 小明种苹果\201909-1 小明种苹果.vcxproj", "{AFC0915F-6E78-466B-9AA5-44AF4949F6FE}"
EndProject
Global
	GlobalSection(SolutionConfigurationPlatforms) = preSolution
		Debug|x64 = Debug|x64
		Debug|x86 = Debug|x86
		Release|x64 = Release|x64
		Release|x86 = Release|x86
	EndGlobalSection
	GlobalSection(ProjectConfigurationPlatforms) = postSolution
		{AFC0915F-6E78-466B-9AA5-44AF4949F6FE}.Debug|x64.ActiveCfg = Debug|x64
		{AFC0915F-6E78-466B-9AA5-44AF4949F6FE}.Debug|x64.Build.0 = Debug|x64
		{AFC0915F-6E78-466B-9AA5-44AF4949F6FE}.Debug|x86.ActiveCfg = Debug|Win32
		{AFC0915F-6E78-466B-9AA5-44AF4949F6FE}.Debug|x86.Build.0 = Debug|Win32
		{AFC0915F-6E78-466B-9AA5-44AF4949F6FE}.Release|x64.ActiveCfg = Release|x64
		{AFC0915F-6E78-466B-9AA5-44AF4949F6FE}.Release|x64.Build.0 = Release|x64
		{AFC0915F-6E78-466B-9AA5-44AF4949F6FE}.Release|x86.ActiveCfg = Release|Win32
		{AFC0915F-6E78-466B-9AA5-44AF4949F6FE}.Release|x86.Build.0 = Release|Win32
	EndGlobalSection
	GlobalSection(SolutionProperties) = preSolution
		HideSolutionNode = FALSE
	EndGlobalSection
	GlobalSection(ExtensibilityGlobals) = postSolution
		SolutionGuid = {CD667C27-5B62-4877-B2EB-C94A1AC6F712}
	EndGlobalSection
EndGlobal
