
Microsoft Visual Studio Solution File, Format Version 12.00
# Visual Studio Version 17
VisualStudioVersion = 17.0.32014.148
MinimumVisualStudioVersion = 10.0.40219.1
Project("{8BC9CEB8-8B4A-11D0-8D11-00A0C91BC942}") = "JZ9 用两个栈实现队列", "JZ9 用两个栈实现队列\JZ9 用两个栈实现队列.vcxproj", "{6E285224-0014-4BA8-8D2D-83F9A35912FC}"
EndProject
Global
	GlobalSection(SolutionConfigurationPlatforms) = preSolution
		Debug|x64 = Debug|x64
		Debug|x86 = Debug|x86
		Release|x64 = Release|x64
		Release|x86 = Release|x86
	EndGlobalSection
	GlobalSection(ProjectConfigurationPlatforms) = postSolution
		{6E285224-0014-4BA8-8D2D-83F9A35912FC}.Debug|x64.ActiveCfg = Debug|x64
		{6E285224-0014-4BA8-8D2D-83F9A35912FC}.Debug|x64.Build.0 = Debug|x64
		{6E285224-0014-4BA8-8D2D-83F9A35912FC}.Debug|x86.ActiveCfg = Debug|Win32
		{6E285224-0014-4BA8-8D2D-83F9A35912FC}.Debug|x86.Build.0 = Debug|Win32
		{6E285224-0014-4BA8-8D2D-83F9A35912FC}.Release|x64.ActiveCfg = Release|x64
		{6E285224-0014-4BA8-8D2D-83F9A35912FC}.Release|x64.Build.0 = Release|x64
		{6E285224-0014-4BA8-8D2D-83F9A35912FC}.Release|x86.ActiveCfg = Release|Win32
		{6E285224-0014-4BA8-8D2D-83F9A35912FC}.Release|x86.Build.0 = Release|Win32
	EndGlobalSection
	GlobalSection(SolutionProperties) = preSolution
		HideSolutionNode = FALSE
	EndGlobalSection
	GlobalSection(ExtensibilityGlobals) = postSolution
		SolutionGuid = {7C36AB5D-8F6F-41D4-93F9-F81B14102219}
	EndGlobalSection
EndGlobal
