
Microsoft Visual Studio Solution File, Format Version 12.00
# Visual Studio Version 17
VisualStudioVersion = 17.0.32014.148
MinimumVisualStudioVersion = 10.0.40219.1
Project("{8BC9CEB8-8B4A-11D0-8D11-00A0C91BC942}") = "JZ66 构建乘积数组", "JZ66 构建乘积数组\JZ66 构建乘积数组.vcxproj", "{BDAEC569-1DCC-4917-AFF8-D2E07AA1D5EE}"
EndProject
Global
	GlobalSection(SolutionConfigurationPlatforms) = preSolution
		Debug|x64 = Debug|x64
		Debug|x86 = Debug|x86
		Release|x64 = Release|x64
		Release|x86 = Release|x86
	EndGlobalSection
	GlobalSection(ProjectConfigurationPlatforms) = postSolution
		{BDAEC569-1DCC-4917-AFF8-D2E07AA1D5EE}.Debug|x64.ActiveCfg = Debug|x64
		{BDAEC569-1DCC-4917-AFF8-D2E07AA1D5EE}.Debug|x64.Build.0 = Debug|x64
		{BDAEC569-1DCC-4917-AFF8-D2E07AA1D5EE}.Debug|x86.ActiveCfg = Debug|Win32
		{BDAEC569-1DCC-4917-AFF8-D2E07AA1D5EE}.Debug|x86.Build.0 = Debug|Win32
		{BDAEC569-1DCC-4917-AFF8-D2E07AA1D5EE}.Release|x64.ActiveCfg = Release|x64
		{BDAEC569-1DCC-4917-AFF8-D2E07AA1D5EE}.Release|x64.Build.0 = Release|x64
		{BDAEC569-1DCC-4917-AFF8-D2E07AA1D5EE}.Release|x86.ActiveCfg = Release|Win32
		{BDAEC569-1DCC-4917-AFF8-D2E07AA1D5EE}.Release|x86.Build.0 = Release|Win32
	EndGlobalSection
	GlobalSection(SolutionProperties) = preSolution
		HideSolutionNode = FALSE
	EndGlobalSection
	GlobalSection(ExtensibilityGlobals) = postSolution
		SolutionGuid = {015010E3-F075-42F7-AEC0-D2C74F165712}
	EndGlobalSection
EndGlobal
