
Microsoft Visual Studio Solution File, Format Version 12.00
# Visual Studio Version 17
VisualStudioVersion = 17.0.32014.148
MinimumVisualStudioVersion = 10.0.40219.1
Project("{8BC9CEB8-8B4A-11D0-8D11-00A0C91BC942}") = "JZ65 不用加减乘除做加法", "JZ65 不用加减乘除做加法\JZ65 不用加减乘除做加法.vcxproj", "{7306218E-6F86-4C8B-868A-EDFB899A7FE8}"
EndProject
Global
	GlobalSection(SolutionConfigurationPlatforms) = preSolution
		Debug|x64 = Debug|x64
		Debug|x86 = Debug|x86
		Release|x64 = Release|x64
		Release|x86 = Release|x86
	EndGlobalSection
	GlobalSection(ProjectConfigurationPlatforms) = postSolution
		{7306218E-6F86-4C8B-868A-EDFB899A7FE8}.Debug|x64.ActiveCfg = Debug|x64
		{7306218E-6F86-4C8B-868A-EDFB899A7FE8}.Debug|x64.Build.0 = Debug|x64
		{7306218E-6F86-4C8B-868A-EDFB899A7FE8}.Debug|x86.ActiveCfg = Debug|Win32
		{7306218E-6F86-4C8B-868A-EDFB899A7FE8}.Debug|x86.Build.0 = Debug|Win32
		{7306218E-6F86-4C8B-868A-EDFB899A7FE8}.Release|x64.ActiveCfg = Release|x64
		{7306218E-6F86-4C8B-868A-EDFB899A7FE8}.Release|x64.Build.0 = Release|x64
		{7306218E-6F86-4C8B-868A-EDFB899A7FE8}.Release|x86.ActiveCfg = Release|Win32
		{7306218E-6F86-4C8B-868A-EDFB899A7FE8}.Release|x86.Build.0 = Release|Win32
	EndGlobalSection
	GlobalSection(SolutionProperties) = preSolution
		HideSolutionNode = FALSE
	EndGlobalSection
	GlobalSection(ExtensibilityGlobals) = postSolution
		SolutionGuid = {F13DEEA1-D459-4F33-AAE6-D7A8135A201B}
	EndGlobalSection
EndGlobal
